{
  "name": "@rapid-cli/core",
  "version": "0.0.4",
  "lockfileVersion": 2,
  "requires": true,
  "packages": {
    "": {
      "name": "@rapid-cli/core",
      "version": "0.0.3",
      "license": "ISC",
      "dependencies": {
        "@rapid-cli/utils": "file:../../utils/utils"
      },
      "bin": {
        "rp": "bin/index.js"
      }
    },
    "../../utils/utils": {
      "version": "0.0.3",
      "license": "ISC"
    },
    "node_modules/@rapid-cli/utils": {
      "resolved": "../../utils/utils",
      "link": true
    }
  },
  "dependencies": {
    "@rapid-cli/utils": {
      "version": "file:../../utils/utils"
    }
  }
}
