{
  "name": "@rapid-cli/exec",
  "version": "0.0.5",
  "lockfileVersion": 2,
  "requires": true,
  "packages": {
    "": {
      "name": "@rapid-cli/exec",
      "version": "0.0.5",
      "license": "ISC",
      "dependencies": {
        "@rapid-cli/log": "file:../../utils/log",
        "@rapid-cli/package": "file:../../models/package"
      }
    },
    "../../models/package": {
      "name": "@rapid-cli/package",
      "version": "0.0.5",
      "license": "ISC"
    },
    "../../utils/log": {
      "version": "0.0.5",
      "license": "ISC",
      "dependencies": {
        "npmlog": "^7.0.1"
      }
    },
    "node_modules/@rapid-cli/log": {
      "resolved": "../../utils/log",
      "link": true
    },
    "node_modules/@rapid-cli/package": {
      "resolved": "../../models/package",
      "link": true
    }
  },
  "dependencies": {
    "@rapid-cli/log": {
      "version": "file:../../utils/log",
      "requires": {
        "npmlog": "^7.0.1"
      }
    },
    "@rapid-cli/package": {
      "version": "file:../../models/package"
    }
  }
}
