{
  "name": "@rapid-cli/exec",
  "version": "0.0.5",
  "lockfileVersion": 2,
  "requires": true,
  "packages": {
    "": {
      "name": "@rapid-cli/exec",
      "version": "0.0.5",
      "license": "ISC",
      "dependencies": {
        "@rapid-cli/log": "file:../../utils/log",
        "@rapid-cli/package": "file:../../models/package",
        "@rapid-cli/utils": "file:../../utils/utils",
        "user-home": "^3.0.0"
      }
    },
    "../../models/package": {
      "name": "@rapid-cli/package",
      "version": "0.0.5",
      "license": "ISC",
      "dependencies": {
        "@rapid-cli/format-path": "file:../../utils/format-path",
        "@rapid-cli/get-npm-info": "file:../../utils/get-npm-info",
        "@rapid-cli/utils": "file:../../utils/utils",
        "fs-extra": "^10.0.0",
        "npminstall": "^7.12.0",
        "path-exists": "^4.0.0",
        "pkg-dir": "4.2.0"
      }
    },
    "../../utils/log": {
      "name": "@rapid-cli/log",
      "version": "0.0.5",
      "license": "ISC",
      "dependencies": {
        "npmlog": "^7.0.1"
      }
    },
    "../../utils/utils": {
      "version": "0.0.5",
      "license": "ISC"
    },
    "node_modules/@rapid-cli/log": {
      "resolved": "../../utils/log",
      "link": true
    },
    "node_modules/@rapid-cli/package": {
      "resolved": "../../models/package",
      "link": true
    },
    "node_modules/@rapid-cli/utils": {
      "resolved": "../../utils/utils",
      "link": true
    },
    "node_modules/os-homedir": {
      "version": "1.0.2",
      "resolved": "https://registry.npmjs.org/os-homedir/-/os-homedir-1.0.2.tgz",
      "integrity": "sha512-B5JU3cabzk8c67mRRd3ECmROafjYMXbuzlwtqdM8IbS8ktlTix8aFGb2bAGKrSRIlnfKwovGUUr72JUPyOb6kQ==",
      "engines": {
        "node": ">=0.10.0"
      }
    },
    "node_modules/user-home": {
      "version": "3.0.0",
      "resolved": "https://registry.npmjs.org/user-home/-/user-home-3.0.0.tgz",
      "integrity": "sha512-kHp9sWxeB+EVTcVytDrGLVKgVVN1LoLiIZTwCDcvYNjIu9q7tUOXZoTv0mXjmvFvUju4J9v+RkFGHdTMx8ncmQ==",
      "deprecated": "Deprecated. Just use `import {homedir} from os;`.",
      "dependencies": {
        "os-homedir": "^1.0.0"
      },
      "engines": {
        "node": ">=0.10.0"
      }
    }
  },
  "dependencies": {
    "@rapid-cli/log": {
      "version": "file:../../utils/log",
      "requires": {
        "npmlog": "^7.0.1"
      }
    },
    "@rapid-cli/package": {
      "version": "file:../../models/package",
      "requires": {
        "@rapid-cli/format-path": "file:../../utils/format-path",
        "@rapid-cli/get-npm-info": "file:../../utils/get-npm-info",
        "@rapid-cli/utils": "file:../../utils/utils",
        "fs-extra": "^10.0.0",
        "npminstall": "^7.12.0",
        "path-exists": "^4.0.0",
        "pkg-dir": "4.2.0"
      }
    },
    "@rapid-cli/utils": {
      "version": "file:../../utils/utils"
    },
    "os-homedir": {
      "version": "1.0.2",
      "resolved": "https://registry.npmjs.org/os-homedir/-/os-homedir-1.0.2.tgz",
      "integrity": "sha512-B5JU3cabzk8c67mRRd3ECmROafjYMXbuzlwtqdM8IbS8ktlTix8aFGb2bAGKrSRIlnfKwovGUUr72JUPyOb6kQ=="
    },
    "user-home": {
      "version": "3.0.0",
      "resolved": "https://registry.npmjs.org/user-home/-/user-home-3.0.0.tgz",
      "integrity": "sha512-kHp9sWxeB+EVTcVytDrGLVKgVVN1LoLiIZTwCDcvYNjIu9q7tUOXZoTv0mXjmvFvUju4J9v+RkFGHdTMx8ncmQ==",
      "requires": {
        "os-homedir": "^1.0.0"
      }
    }
  }
}
